# THIS IS AN AUTOGENERATED FILE. DO NOT EDIT THIS FILE DIRECTLY.
# yarn lockfile v1


bottleneck@^2.17.1:
  version "2.17.1"
  resolved "https://registry.yarnpkg.com/bottleneck/-/bottleneck-2.17.1.tgz#a45809e4cdf5326e14dc69970f4af7029e22c0f4"
  integrity sha512-ARJKJRNq6+W7BBYZnkqA1F4+HDclht7QyRJl2haAVtD7xBTG8Prpy6huO+canGLUxZaRrek8U/0NjTvoXACsaQ==

double-ended-queue@^2.1.0-0:
  version "2.1.0-0"
  resolved "https://registry.yarnpkg.com/double-ended-queue/-/double-ended-queue-2.1.0-0.tgz#103d3527fd31528f40188130c841efdd78264e5c"
  integrity sha1-ED01J/0xUo9AGIEwyEHv3XgmTlw=

esm@^3.2.18:
  version "3.2.18"
  resolved "https://registry.yarnpkg.com/esm/-/esm-3.2.18.tgz#54e9276449ab832b01240069ae66bf245785c767"
  integrity sha512-1UENjnnI37UDp7KuOqKYjfqdaMim06eBWnDv37smaxTIzDl0ZWnlgoXwsVwD9+Lidw+q/f1gUf2diVMDCycoVw==

redis-commands@^1.2.0:
  version "1.4.0"
  resolved "https://registry.yarnpkg.com/redis-commands/-/redis-commands-1.4.0.tgz#52f9cf99153efcce56a8f86af986bd04e988602f"
  integrity sha512-cu8EF+MtkwI4DLIT0x9P8qNTLFhQD4jLfxLR0cCNkeGzs87FN6879JOJwNQR/1zD7aSYNbU0hgsV9zGY71Itvw==

redis-parser@^2.6.0:
  version "2.6.0"
  resolved "https://registry.yarnpkg.com/redis-parser/-/redis-parser-2.6.0.tgz#52ed09dacac108f1a631c07e9b69941e7a19504b"
  integrity sha1-Uu0J2srBCPGmMcB+m2mUHnoZUEs=

redis@^2.8.0:
  version "2.8.0"
  resolved "https://registry.yarnpkg.com/redis/-/redis-2.8.0.tgz#202288e3f58c49f6079d97af7a10e1303ae14b02"
  integrity sha512-M1OkonEQwtRmZv4tEWF2VgpG0JWJ8Fv1PhlgT5+B+uNq2cA3Rt1Yt/ryoR+vQNOQcIEgdCdfH0jr3bDpihAw1A==
  dependencies:
    double-ended-queue "^2.1.0-0"
    redis-commands "^1.2.0"
    redis-parser "^2.6.0"
